
Microsoft Visual Studio Solution File, Format Version 12.00
# Visual Studio 14
VisualStudioVersion = 14.0.23107.0
MinimumVisualStudioVersion = 10.0.40219.1
Project("{FAE04EC0-301F-11D3-BF4B-00C04F79EFBC}") = "MediaPlayer", "MediaPlayer\MediaPlayer.csproj", "{95B16A52-F4E6-46E7-8CC4-08E2CD645EFE}"
EndProject
Global
	GlobalSection(SolutionConfigurationPlatforms) = preSolution
		Debug|Any CPU = Debug|Any CPU
		Release|Any CPU = Release|Any CPU
	EndGlobalSection
	GlobalSection(ProjectConfigurationPlatforms) = postSolution
		{95B16A52-F4E6-46E7-8CC4-08E2CD645EFE}.Debug|Any CPU.ActiveCfg = Debug|Any CPU
		{95B16A52-F4E6-46E7-8CC4-08E2CD645EFE}.Debug|Any CPU.Build.0 = Debug|Any CPU
		{95B16A52-F4E6-46E7-8CC4-08E2CD645EFE}.Release|Any CPU.ActiveCfg = Release|Any CPU
		{95B16A52-F4E6-46E7-8CC4-08E2CD645EFE}.Release|Any CPU.Build.0 = Release|Any CPU
	EndGlobalSection
	GlobalSection(SolutionProperties) = preSolution
		HideSolutionNode = FALSE
	EndGlobalSection
EndGlobal
